{
  "requires": true,
  "lockfileVersion": 1,
  "dependencies": {
    "@fengyuanchen/datepicker": {
      "version": "0.6.5",
      "resolved": "https://registry.npmjs.org/@fengyuanchen/datepicker/-/datepicker-0.6.5.tgz",
      "integrity": "sha512-+HwjRUBilmoG+SnhQbbInsBSyvRMRUBZMX2hbHuqonYmp+zY70U9HrHU1TAqrMFjZ0JwoAiGQbQ65H4zKtmLvQ=="
    }
  }
}
